Microsoft Visual Studio Solution File, Format Version 12.00
# Visual Studio Version 17
VisualStudioVersion = 17.12.35527.113
MinimumVisualStudioVersion = 10.0.40219.1
Project("{FAE04EC0-301F-11D3-BF4B-00C04F79EFBC}") = "Procoding.GluttenFree.AppHost", "Procoding.GluttenFree.AppHost\Procoding.GluttenFree.AppHost.csproj", "{2A55F944-C536-4868-8E16-9061F263E1B0}"
EndProject
Project("{FAE04EC0-301F-11D3-BF4B-00C04F79EFBC}") = "Procoding.GluttenFree.ServiceDefaults", "Procoding.GluttenFree.ServiceDefaults\Procoding.GluttenFree.ServiceDefaults.csproj", "{B862E8AD-F699-4D60-845B-52C7C57C0859}"
EndProject
Project("{FAE04EC0-301F-11D3-BF4B-00C04F79EFBC}") = "Procoding.GluttenFree.ApiService", "Procoding.GluttenFree.ApiService\Procoding.GluttenFree.ApiService.csproj", "{89A95622-B572-4018-83AF-465EA1520803}"
EndProject
Project("{FAE04EC0-301F-11D3-BF4B-00C04F79EFBC}") = "Procoding.GluttenFree.Web", "Procoding.GluttenFree.Web\Procoding.GluttenFree.Web.csproj", "{78972C81-DDC5-4D19-87F2-17B66D4DF1B9}"
EndProject
Project("{FAE04EC0-301F-11D3-BF4B-00C04F79EFBC}") = "Procoding.GluttenFree.Parser", "Procoding.GluttenFree.Parser\Procoding.GluttenFree.Parser.csproj", "{59671808-02AC-4B2E-B382-C485B5863A9B}"
EndProject
Project("{FAE04EC0-301F-11D3-BF4B-00C04F79EFBC}") = "Procoding.GluttenFree.Database", "Procoding.GluttenFree.Database\Procoding.GluttenFree.Database.csproj", "{30D7C212-44B2-4F86-B7DB-ACB6CD10811E}"
EndProject
Project("{FAE04EC0-301F-11D3-BF4B-00C04F79EFBC}") = "Procoding.GluttenFree.Models", "Procoding.GluttenFree.Models\Procoding.GluttenFree.Models.csproj", "{F41727E8-7034-4825-BE41-1A723C07C809}"
EndProject
Project("{FAE04EC0-301F-11D3-BF4B-00C04F79EFBC}") = "Procoding.GluttenFree.BarcodeFetcher", "Procoding.GluttenFree.BarcodeFetcher\Procoding.GluttenFree.BarcodeFetcher.csproj", "{CFFE8243-8ED8-464F-A2F5-62D90EE69BAA}"
EndProject
Project("{FAE04EC0-301F-11D3-BF4B-00C04F79EFBC}") = "Procoding.GluttenFree.ClientUI", "Procoding.GluttenFree.ClientUI\Procoding.GluttenFree.ClientUI.csproj", "{70F0BF88-E1FF-4220-8806-0F5E848D3792}"
EndProject
Project("{FAE04EC0-301F-11D3-BF4B-00C04F79EFBC}") = "Procoding.GluttenFree.DTOs", "Procoding.GluttenFree.DTOs\Procoding.GluttenFree.DTOs.csproj", "{D917D7A5-1FCD-4BC8-ADA5-FBD0D5A9A560}"
EndProject
Global
	GlobalSection(SolutionConfigurationPlatforms) = preSolution
		Debug|Any CPU = Debug|Any CPU
		Release|Any CPU = Release|Any CPU
	EndGlobalSection
	GlobalSection(ProjectConfigurationPlatforms) = postSolution
		{2A55F944-C536-4868-8E16-9061F263E1B0}.Debug|Any CPU.ActiveCfg = Debug|Any CPU
		{2A55F944-C536-4868-8E16-9061F263E1B0}.Debug|Any CPU.Build.0 = Debug|Any CPU
		{2A55F944-C536-4868-8E16-9061F263E1B0}.Release|Any CPU.ActiveCfg = Release|Any CPU
		{2A55F944-C536-4868-8E16-9061F263E1B0}.Release|Any CPU.Build.0 = Release|Any CPU
		{B862E8AD-F699-4D60-845B-52C7C57C0859}.Debug|Any CPU.ActiveCfg = Debug|Any CPU
		{B862E8AD-F699-4D60-845B-52C7C57C0859}.Debug|Any CPU.Build.0 = Debug|Any CPU
		{B862E8AD-F699-4D60-845B-52C7C57C0859}.Release|Any CPU.ActiveCfg = Release|Any CPU
		{B862E8AD-F699-4D60-845B-52C7C57C0859}.Release|Any CPU.Build.0 = Release|Any CPU
		{89A95622-B572-4018-83AF-465EA1520803}.Debug|Any CPU.ActiveCfg = Debug|Any CPU
		{89A95622-B572-4018-83AF-465EA1520803}.Debug|Any CPU.Build.0 = Debug|Any CPU
		{89A95622-B572-4018-83AF-465EA1520803}.Release|Any CPU.ActiveCfg = Release|Any CPU
		{89A95622-B572-4018-83AF-465EA1520803}.Release|Any CPU.Build.0 = Release|Any CPU
		{78972C81-DDC5-4D19-87F2-17B66D4DF1B9}.Debug|Any CPU.ActiveCfg = Debug|Any CPU
		{78972C81-DDC5-4D19-87F2-17B66D4DF1B9}.Debug|Any CPU.Build.0 = Debug|Any CPU
		{78972C81-DDC5-4D19-87F2-17B66D4DF1B9}.Release|Any CPU.ActiveCfg = Release|Any CPU
		{78972C81-DDC5-4D19-87F2-17B66D4DF1B9}.Release|Any CPU.Build.0 = Release|Any CPU
		{59671808-02AC-4B2E-B382-C485B5863A9B}.Debug|Any CPU.ActiveCfg = Debug|Any CPU
		{59671808-02AC-4B2E-B382-C485B5863A9B}.Debug|Any CPU.Build.0 = Debug|Any CPU
		{59671808-02AC-4B2E-B382-C485B5863A9B}.Release|Any CPU.ActiveCfg = Release|Any CPU
		{59671808-02AC-4B2E-B382-C485B5863A9B}.Release|Any CPU.Build.0 = Release|Any CPU
		{30D7C212-44B2-4F86-B7DB-ACB6CD10811E}.Debug|Any CPU.ActiveCfg = Debug|Any CPU
		{30D7C212-44B2-4F86-B7DB-ACB6CD10811E}.Debug|Any CPU.Build.0 = Debug|Any CPU
		{30D7C212-44B2-4F86-B7DB-ACB6CD10811E}.Release|Any CPU.ActiveCfg = Release|Any CPU
		{30D7C212-44B2-4F86-B7DB-ACB6CD10811E}.Release|Any CPU.Build.0 = Release|Any CPU
		{F41727E8-7034-4825-BE41-1A723C07C809}.Debug|Any CPU.ActiveCfg = Debug|Any CPU
		{F41727E8-7034-4825-BE41-1A723C07C809}.Debug|Any CPU.Build.0 = Debug|Any CPU
		{F41727E8-7034-4825-BE41-1A723C07C809}.Release|Any CPU.ActiveCfg = Release|Any CPU
		{F41727E8-7034-4825-BE41-1A723C07C809}.Release|Any CPU.Build.0 = Release|Any CPU
		{CFFE8243-8ED8-464F-A2F5-62D90EE69BAA}.Debug|Any CPU.ActiveCfg = Debug|Any CPU
		{CFFE8243-8ED8-464F-A2F5-62D90EE69BAA}.Debug|Any CPU.Build.0 = Debug|Any CPU
		{CFFE8243-8ED8-464F-A2F5-62D90EE69BAA}.Release|Any CPU.ActiveCfg = Release|Any CPU
		{CFFE8243-8ED8-464F-A2F5-62D90EE69BAA}.Release|Any CPU.Build.0 = Release|Any CPU
		{70F0BF88-E1FF-4220-8806-0F5E848D3792}.Debug|Any CPU.ActiveCfg = Debug|Any CPU
		{70F0BF88-E1FF-4220-8806-0F5E848D3792}.Debug|Any CPU.Build.0 = Debug|Any CPU
		{70F0BF88-E1FF-4220-8806-0F5E848D3792}.Debug|Any CPU.Deploy.0 = Debug|Any CPU
		{70F0BF88-E1FF-4220-8806-0F5E848D3792}.Release|Any CPU.ActiveCfg = Release|Any CPU
		{70F0BF88-E1FF-4220-8806-0F5E848D3792}.Release|Any CPU.Build.0 = Release|Any CPU
		{70F0BF88-E1FF-4220-8806-0F5E848D3792}.Release|Any CPU.Deploy.0 = Release|Any CPU
		{D917D7A5-1FCD-4BC8-ADA5-FBD0D5A9A560}.Debug|Any CPU.ActiveCfg = Debug|Any CPU
		{D917D7A5-1FCD-4BC8-ADA5-FBD0D5A9A560}.Debug|Any CPU.Build.0 = Debug|Any CPU
		{D917D7A5-1FCD-4BC8-ADA5-FBD0D5A9A560}.Release|Any CPU.ActiveCfg = Release|Any CPU
		{D917D7A5-1FCD-4BC8-ADA5-FBD0D5A9A560}.Release|Any CPU.Build.0 = Release|Any CPU
	EndGlobalSection
	GlobalSection(SolutionProperties) = preSolution
		HideSolutionNode = FALSE
	EndGlobalSection
	GlobalSection(ExtensibilityGlobals) = postSolution
		SolutionGuid = {1AAD9484-C2AF-4D89-92E4-157DC55F3301}
	EndGlobalSection
EndGlobal
